{
  "name": "ttest",
  "version": "1.0.0",
  "lockfileVersion": 1,
  "requires": true,
  "dependencies": {
    "arithmetic": {
      "version": "1.0.1",
      "resolved": "https://registry.npmjs.org/arithmetic/-/arithmetic-1.0.1.tgz",
      "integrity": "sha1-X/3Oe7AF9e9EVtNLGMOryzKuBFs=",
      "requires": {
        "is-numeric": "0.0.3"
      }
    },
    "cephes": {
      "version": "1.2.0",
      "resolved": "https://registry.npmjs.org/cephes/-/cephes-1.2.0.tgz",
      "integrity": "sha512-twuUuJRrIrsELHz6foJtZlqrz6FC36zoHZJvvThsrM1UWPKxyoilw1Rka6Hk0AmPFKHKUoGwGfAtvNZNtNZu0g=="
    },
    "distributions": {
      "version": "2.1.0",
      "resolved": "https://registry.npmjs.org/distributions/-/distributions-2.1.0.tgz",
      "integrity": "sha512-4eov7WXRip5Tu0K7Y51W1oVt+DcvkoE0EzsvbLzgedC/n4PUpYXHqk6vo/OH1HteBHp5Vm6cmfnInf9NAXM4qQ==",
      "requires": {
        "cephes": "1.2.0"
      }
    },
    "is-numeric": {
      "version": "0.0.3",
      "resolved": "https://registry.npmjs.org/is-numeric/-/is-numeric-0.0.3.tgz",
      "integrity": "sha1-fTyAAs3ACszqzqcN1Xk0nrdF3io="
    },
    "repeat-string": {
      "version": "1.6.1",
      "resolved": "https://registry.npmjs.org/repeat-string/-/repeat-string-1.6.1.tgz",
      "integrity": "sha1-jcrkcOHIirwtYA//Sndihtp15jc="
    },
    "summary": {
      "version": "0.3.2",
      "resolved": "https://registry.npmjs.org/summary/-/summary-0.3.2.tgz",
      "integrity": "sha1-PXQ5sw2rNEnf1mhAqCKDjUpKhWE="
    },
    "ttest": {
      "version": "2.1.0",
      "resolved": "https://registry.npmjs.org/ttest/-/ttest-2.1.0.tgz",
      "integrity": "sha512-6dj/XRHsY4lFZxzye+YgoRnGNnD6/eJvG/DVDnYbVF6T2c8TBTVXLzElKipK2BcdbDUXoDwYQBBbFQ8+SyEKVA==",
      "requires": {
        "distributions": "2.1.0",
        "summary": "0.3.2"
      }
    }
  }
}
